
Microsoft Visual Studio Solution File, Format Version 12.00
# Visual Studio Version 17
VisualStudioVersion = 17.0.31903.59
MinimumVisualStudioVersion = 10.0.40219.1
Project("{FAE04EC0-301F-11D3-BF4B-00C04F79EFBC}") = "Core.Logger", "Core.Logger\Core.Logger.csproj", "{0F726EDF-E37D-41AF-B1D5-68B3CFAB3B1E}"
EndProject
Project("{FAE04EC0-301F-11D3-BF4B-00C04F79EFBC}") = "Core.Errors", "Core.Errors\Core.Errors.csproj", "{17F13EBD-10D4-457D-B027-B4EC15DA96D7}"
EndProject
Project("{FAE04EC0-301F-11D3-BF4B-00C04F79EFBC}") = "Core.Metrics", "Core.Metrics\Core.Metrics.csproj", "{5A27A728-E277-4B37-93CD-AF5A03AA3105}"
EndProject
Project("{FAE04EC0-301F-11D3-BF4B-00C04F79EFBC}") = "Core.Config", "Core.Config\Core.Config.csproj", "{A5A25AB5-843A-4E1F-9703-A39290937D50}"
EndProject
Project("{FAE04EC0-301F-11D3-BF4B-00C04F79EFBC}") = "Core.Sli", "Core.Sli\Core.Sli.csproj", "{75F86D8B-2E38-46DD-80CC-89FDD7B4B391}"
EndProject
Project("{FAE04EC0-301F-11D3-BF4B-00C04F79EFBC}") = "Core.Sod", "Core.Sod\Core.Sod.csproj", "{1E776E5C-BF6D-4AFA-AF1E-4DB2B3768718}"
EndProject
Project("{FAE04EC0-301F-11D3-BF4B-00C04F79EFBC}") = "Core.Reliability", "Core.Reliability\Core.Reliability.csproj", "{078BCD20-BBD0-497A-8216-120E2F6C7155}"
EndProject
Project("{FAE04EC0-301F-11D3-BF4B-00C04F79EFBC}") = "Core.Infrastructure", "Core.Infrastructure\Core.Infrastructure.csproj", "{D6264DCE-7FDC-4B7D-884E-08A20CDD5D79}"
EndProject
Project("{FAE04EC0-301F-11D3-BF4B-00C04F79EFBC}") = "Core.Tests", "Core.Tests\Core.Tests.csproj", "{B409A567-54F9-459A-80D9-26081D834219}"
EndProject
Global
	GlobalSection(SolutionConfigurationPlatforms) = preSolution
		Debug|Any CPU = Debug|Any CPU
		Debug|x64 = Debug|x64
		Debug|x86 = Debug|x86
		Release|Any CPU = Release|Any CPU
		Release|x64 = Release|x64
		Release|x86 = Release|x86
	EndGlobalSection
	GlobalSection(ProjectConfigurationPlatforms) = postSolution
		{0F726EDF-E37D-41AF-B1D5-68B3CFAB3B1E}.Debug|Any CPU.ActiveCfg = Debug|Any CPU
		{0F726EDF-E37D-41AF-B1D5-68B3CFAB3B1E}.Debug|Any CPU.Build.0 = Debug|Any CPU
		{0F726EDF-E37D-41AF-B1D5-68B3CFAB3B1E}.Debug|x64.ActiveCfg = Debug|Any CPU
		{0F726EDF-E37D-41AF-B1D5-68B3CFAB3B1E}.Debug|x64.Build.0 = Debug|Any CPU
		{0F726EDF-E37D-41AF-B1D5-68B3CFAB3B1E}.Debug|x86.ActiveCfg = Debug|Any CPU
		{0F726EDF-E37D-41AF-B1D5-68B3CFAB3B1E}.Debug|x86.Build.0 = Debug|Any CPU
		{0F726EDF-E37D-41AF-B1D5-68B3CFAB3B1E}.Release|Any CPU.ActiveCfg = Release|Any CPU
		{0F726EDF-E37D-41AF-B1D5-68B3CFAB3B1E}.Release|Any CPU.Build.0 = Release|Any CPU
		{0F726EDF-E37D-41AF-B1D5-68B3CFAB3B1E}.Release|x64.ActiveCfg = Release|Any CPU
		{0F726EDF-E37D-41AF-B1D5-68B3CFAB3B1E}.Release|x64.Build.0 = Release|Any CPU
		{0F726EDF-E37D-41AF-B1D5-68B3CFAB3B1E}.Release|x86.ActiveCfg = Release|Any CPU
		{0F726EDF-E37D-41AF-B1D5-68B3CFAB3B1E}.Release|x86.Build.0 = Release|Any CPU
		{17F13EBD-10D4-457D-B027-B4EC15DA96D7}.Debug|Any CPU.ActiveCfg = Debug|Any CPU
		{17F13EBD-10D4-457D-B027-B4EC15DA96D7}.Debug|Any CPU.Build.0 = Debug|Any CPU
		{17F13EBD-10D4-457D-B027-B4EC15DA96D7}.Debug|x64.ActiveCfg = Debug|Any CPU
		{17F13EBD-10D4-457D-B027-B4EC15DA96D7}.Debug|x64.Build.0 = Debug|Any CPU
		{17F13EBD-10D4-457D-B027-B4EC15DA96D7}.Debug|x86.ActiveCfg = Debug|Any CPU
		{17F13EBD-10D4-457D-B027-B4EC15DA96D7}.Debug|x86.Build.0 = Debug|Any CPU
		{17F13EBD-10D4-457D-B027-B4EC15DA96D7}.Release|Any CPU.ActiveCfg = Release|Any CPU
		{17F13EBD-10D4-457D-B027-B4EC15DA96D7}.Release|Any CPU.Build.0 = Release|Any CPU
		{17F13EBD-10D4-457D-B027-B4EC15DA96D7}.Release|x64.ActiveCfg = Release|Any CPU
		{17F13EBD-10D4-457D-B027-B4EC15DA96D7}.Release|x64.Build.0 = Release|Any CPU
		{17F13EBD-10D4-457D-B027-B4EC15DA96D7}.Release|x86.ActiveCfg = Release|Any CPU
		{17F13EBD-10D4-457D-B027-B4EC15DA96D7}.Release|x86.Build.0 = Release|Any CPU
		{5A27A728-E277-4B37-93CD-AF5A03AA3105}.Debug|Any CPU.ActiveCfg = Debug|Any CPU
		{5A27A728-E277-4B37-93CD-AF5A03AA3105}.Debug|Any CPU.Build.0 = Debug|Any CPU
		{5A27A728-E277-4B37-93CD-AF5A03AA3105}.Debug|x64.ActiveCfg = Debug|Any CPU
		{5A27A728-E277-4B37-93CD-AF5A03AA3105}.Debug|x64.Build.0 = Debug|Any CPU
		{5A27A728-E277-4B37-93CD-AF5A03AA3105}.Debug|x86.ActiveCfg = Debug|Any CPU
		{5A27A728-E277-4B37-93CD-AF5A03AA3105}.Debug|x86.Build.0 = Debug|Any CPU
		{5A27A728-E277-4B37-93CD-AF5A03AA3105}.Release|Any CPU.ActiveCfg = Release|Any CPU
		{5A27A728-E277-4B37-93CD-AF5A03AA3105}.Release|Any CPU.Build.0 = Release|Any CPU
		{5A27A728-E277-4B37-93CD-AF5A03AA3105}.Release|x64.ActiveCfg = Release|Any CPU
		{5A27A728-E277-4B37-93CD-AF5A03AA3105}.Release|x64.Build.0 = Release|Any CPU
		{5A27A728-E277-4B37-93CD-AF5A03AA3105}.Release|x86.ActiveCfg = Release|Any CPU
		{5A27A728-E277-4B37-93CD-AF5A03AA3105}.Release|x86.Build.0 = Release|Any CPU
		{A5A25AB5-843A-4E1F-9703-A39290937D50}.Debug|Any CPU.ActiveCfg = Debug|Any CPU
		{A5A25AB5-843A-4E1F-9703-A39290937D50}.Debug|Any CPU.Build.0 = Debug|Any CPU
		{A5A25AB5-843A-4E1F-9703-A39290937D50}.Debug|x64.ActiveCfg = Debug|Any CPU
		{A5A25AB5-843A-4E1F-9703-A39290937D50}.Debug|x64.Build.0 = Debug|Any CPU
		{A5A25AB5-843A-4E1F-9703-A39290937D50}.Debug|x86.ActiveCfg = Debug|Any CPU
		{A5A25AB5-843A-4E1F-9703-A39290937D50}.Debug|x86.Build.0 = Debug|Any CPU
		{A5A25AB5-843A-4E1F-9703-A39290937D50}.Release|Any CPU.ActiveCfg = Release|Any CPU
		{A5A25AB5-843A-4E1F-9703-A39290937D50}.Release|Any CPU.Build.0 = Release|Any CPU
		{A5A25AB5-843A-4E1F-9703-A39290937D50}.Release|x64.ActiveCfg = Release|Any CPU
		{A5A25AB5-843A-4E1F-9703-A39290937D50}.Release|x64.Build.0 = Release|Any CPU
		{A5A25AB5-843A-4E1F-9703-A39290937D50}.Release|x86.ActiveCfg = Release|Any CPU
		{A5A25AB5-843A-4E1F-9703-A39290937D50}.Release|x86.Build.0 = Release|Any CPU
		{75F86D8B-2E38-46DD-80CC-89FDD7B4B391}.Debug|Any CPU.ActiveCfg = Debug|Any CPU
		{75F86D8B-2E38-46DD-80CC-89FDD7B4B391}.Debug|Any CPU.Build.0 = Debug|Any CPU
		{75F86D8B-2E38-46DD-80CC-89FDD7B4B391}.Debug|x64.ActiveCfg = Debug|Any CPU
		{75F86D8B-2E38-46DD-80CC-89FDD7B4B391}.Debug|x64.Build.0 = Debug|Any CPU
		{75F86D8B-2E38-46DD-80CC-89FDD7B4B391}.Debug|x86.ActiveCfg = Debug|Any CPU
		{75F86D8B-2E38-46DD-80CC-89FDD7B4B391}.Debug|x86.Build.0 = Debug|Any CPU
		{75F86D8B-2E38-46DD-80CC-89FDD7B4B391}.Release|Any CPU.ActiveCfg = Release|Any CPU
		{75F86D8B-2E38-46DD-80CC-89FDD7B4B391}.Release|Any CPU.Build.0 = Release|Any CPU
		{75F86D8B-2E38-46DD-80CC-89FDD7B4B391}.Release|x64.ActiveCfg = Release|Any CPU
		{75F86D8B-2E38-46DD-80CC-89FDD7B4B391}.Release|x64.Build.0 = Release|Any CPU
		{75F86D8B-2E38-46DD-80CC-89FDD7B4B391}.Release|x86.ActiveCfg = Release|Any CPU
		{75F86D8B-2E38-46DD-80CC-89FDD7B4B391}.Release|x86.Build.0 = Release|Any CPU
		{1E776E5C-BF6D-4AFA-AF1E-4DB2B3768718}.Debug|Any CPU.ActiveCfg = Debug|Any CPU
		{1E776E5C-BF6D-4AFA-AF1E-4DB2B3768718}.Debug|Any CPU.Build.0 = Debug|Any CPU
		{1E776E5C-BF6D-4AFA-AF1E-4DB2B3768718}.Debug|x64.ActiveCfg = Debug|Any CPU
		{1E776E5C-BF6D-4AFA-AF1E-4DB2B3768718}.Debug|x64.Build.0 = Debug|Any CPU
		{1E776E5C-BF6D-4AFA-AF1E-4DB2B3768718}.Debug|x86.ActiveCfg = Debug|Any CPU
		{1E776E5C-BF6D-4AFA-AF1E-4DB2B3768718}.Debug|x86.Build.0 = Debug|Any CPU
		{1E776E5C-BF6D-4AFA-AF1E-4DB2B3768718}.Release|Any CPU.ActiveCfg = Release|Any CPU
		{1E776E5C-BF6D-4AFA-AF1E-4DB2B3768718}.Release|Any CPU.Build.0 = Release|Any CPU
		{1E776E5C-BF6D-4AFA-AF1E-4DB2B3768718}.Release|x64.ActiveCfg = Release|Any CPU
		{1E776E5C-BF6D-4AFA-AF1E-4DB2B3768718}.Release|x64.Build.0 = Release|Any CPU
		{1E776E5C-BF6D-4AFA-AF1E-4DB2B3768718}.Release|x86.ActiveCfg = Release|Any CPU
		{1E776E5C-BF6D-4AFA-AF1E-4DB2B3768718}.Release|x86.Build.0 = Release|Any CPU
		{078BCD20-BBD0-497A-8216-120E2F6C7155}.Debug|Any CPU.ActiveCfg = Debug|Any CPU
		{078BCD20-BBD0-497A-8216-120E2F6C7155}.Debug|Any CPU.Build.0 = Debug|Any CPU
		{078BCD20-BBD0-497A-8216-120E2F6C7155}.Debug|x64.ActiveCfg = Debug|Any CPU
		{078BCD20-BBD0-497A-8216-120E2F6C7155}.Debug|x64.Build.0 = Debug|Any CPU
		{078BCD20-BBD0-497A-8216-120E2F6C7155}.Debug|x86.ActiveCfg = Debug|Any CPU
		{078BCD20-BBD0-497A-8216-120E2F6C7155}.Debug|x86.Build.0 = Debug|Any CPU
		{078BCD20-BBD0-497A-8216-120E2F6C7155}.Release|Any CPU.ActiveCfg = Release|Any CPU
		{078BCD20-BBD0-497A-8216-120E2F6C7155}.Release|Any CPU.Build.0 = Release|Any CPU
		{078BCD20-BBD0-497A-8216-120E2F6C7155}.Release|x64.ActiveCfg = Release|Any CPU
		{078BCD20-BBD0-497A-8216-120E2F6C7155}.Release|x64.Build.0 = Release|Any CPU
		{078BCD20-BBD0-497A-8216-120E2F6C7155}.Release|x86.ActiveCfg = Release|Any CPU
		{078BCD20-BBD0-497A-8216-120E2F6C7155}.Release|x86.Build.0 = Release|Any CPU
		{D6264DCE-7FDC-4B7D-884E-08A20CDD5D79}.Debug|Any CPU.ActiveCfg = Debug|Any CPU
		{D6264DCE-7FDC-4B7D-884E-08A20CDD5D79}.Debug|Any CPU.Build.0 = Debug|Any CPU
		{D6264DCE-7FDC-4B7D-884E-08A20CDD5D79}.Debug|x64.ActiveCfg = Debug|Any CPU
		{D6264DCE-7FDC-4B7D-884E-08A20CDD5D79}.Debug|x64.Build.0 = Debug|Any CPU
		{D6264DCE-7FDC-4B7D-884E-08A20CDD5D79}.Debug|x86.ActiveCfg = Debug|Any CPU
		{D6264DCE-7FDC-4B7D-884E-08A20CDD5D79}.Debug|x86.Build.0 = Debug|Any CPU
		{D6264DCE-7FDC-4B7D-884E-08A20CDD5D79}.Release|Any CPU.ActiveCfg = Release|Any CPU
		{D6264DCE-7FDC-4B7D-884E-08A20CDD5D79}.Release|Any CPU.Build.0 = Release|Any CPU
		{D6264DCE-7FDC-4B7D-884E-08A20CDD5D79}.Release|x64.ActiveCfg = Release|Any CPU
		{D6264DCE-7FDC-4B7D-884E-08A20CDD5D79}.Release|x64.Build.0 = Release|Any CPU
		{D6264DCE-7FDC-4B7D-884E-08A20CDD5D79}.Release|x86.ActiveCfg = Release|Any CPU
		{D6264DCE-7FDC-4B7D-884E-08A20CDD5D79}.Release|x86.Build.0 = Release|Any CPU
		{B409A567-54F9-459A-80D9-26081D834219}.Debug|Any CPU.ActiveCfg = Debug|Any CPU
		{B409A567-54F9-459A-80D9-26081D834219}.Debug|Any CPU.Build.0 = Debug|Any CPU
		{B409A567-54F9-459A-80D9-26081D834219}.Debug|x64.ActiveCfg = Debug|Any CPU
		{B409A567-54F9-459A-80D9-26081D834219}.Debug|x64.Build.0 = Debug|Any CPU
		{B409A567-54F9-459A-80D9-26081D834219}.Debug|x86.ActiveCfg = Debug|Any CPU
		{B409A567-54F9-459A-80D9-26081D834219}.Debug|x86.Build.0 = Debug|Any CPU
		{B409A567-54F9-459A-80D9-26081D834219}.Release|Any CPU.ActiveCfg = Release|Any CPU
		{B409A567-54F9-459A-80D9-26081D834219}.Release|Any CPU.Build.0 = Release|Any CPU
		{B409A567-54F9-459A-80D9-26081D834219}.Release|x64.ActiveCfg = Release|Any CPU
		{B409A567-54F9-459A-80D9-26081D834219}.Release|x64.Build.0 = Release|Any CPU
		{B409A567-54F9-459A-80D9-26081D834219}.Release|x86.ActiveCfg = Release|Any CPU
		{B409A567-54F9-459A-80D9-26081D834219}.Release|x86.Build.0 = Release|Any CPU
	EndGlobalSection
	GlobalSection(SolutionProperties) = preSolution
		HideSolutionNode = FALSE
	EndGlobalSection
EndGlobal
